
Microsoft Visual Studio Solution File, Format Version 12.00
# Visual Studio Version 17
VisualStudioVersion = 17.0.31903.59
MinimumVisualStudioVersion = 10.0.40219.1
Project("{FAE04EC0-301F-11D3-BF4B-00C04F79EFBC}") = "DelegateBasicExample", "DelegateBasicExample\DelegateBasicExample.csproj", "{83D56542-F9B2-496F-8353-D7C6FB36B274}"
EndProject
Project("{FAE04EC0-301F-11D3-BF4B-00C04F79EFBC}") = "CovarianceAndContravariance", "CovarianceAndContravariance\CovarianceAndContravariance.csproj", "{681D2F68-2876-4025-BF26-16C441518CCD}"
EndProject
Project("{FAE04EC0-301F-11D3-BF4B-00C04F79EFBC}") = "ThresholdEventReachedApplication", "ThresholdEventReachedApplication\ThresholdEventReachedApplication.csproj", "{F45D81F7-CE61-4C1D-825F-ED744F700D52}"
EndProject
Project("{FAE04EC0-301F-11D3-BF4B-00C04F79EFBC}") = "BasicEvents", "BasicEvents\BasicEvents.csproj", "{2B7149C6-17EE-4E01-A8F5-3E8422580624}"
EndProject
Project("{FAE04EC0-301F-11D3-BF4B-00C04F79EFBC}") = "EventHandler", "EventHandler\EventHandler.csproj", "{C3BB8852-0713-4BD3-ACE1-2AD34C2655AB}"
EndProject
Project("{FAE04EC0-301F-11D3-BF4B-00C04F79EFBC}") = "DelegateArithmeticExample", "DelegateArithmeticExample\DelegateArithmeticExample.csproj", "{F978B8A8-98C5-479E-8D58-4C11E96F5FD5}"
EndProject
Project("{FAE04EC0-301F-11D3-BF4B-00C04F79EFBC}") = "LoggingMulticastExample", "LoggingMulticastExample\LoggingMulticastExample.csproj", "{CCB7AAC0-4895-42CC-B97C-2C581813DC14}"
EndProject
Project("{FAE04EC0-301F-11D3-BF4B-00C04F79EFBC}") = "PriceChangeEvent", "PriceChangeEvent\PriceChangeEvent.csproj", "{7D45A73F-7056-4601-AD3D-DD12B023D86D}"
EndProject
Global
	GlobalSection(SolutionConfigurationPlatforms) = preSolution
		Debug|Any CPU = Debug|Any CPU
		Debug|x64 = Debug|x64
		Debug|x86 = Debug|x86
		Release|Any CPU = Release|Any CPU
		Release|x64 = Release|x64
		Release|x86 = Release|x86
	EndGlobalSection
	GlobalSection(ProjectConfigurationPlatforms) = postSolution
		{83D56542-F9B2-496F-8353-D7C6FB36B274}.Debug|Any CPU.ActiveCfg = Debug|Any CPU
		{83D56542-F9B2-496F-8353-D7C6FB36B274}.Debug|Any CPU.Build.0 = Debug|Any CPU
		{83D56542-F9B2-496F-8353-D7C6FB36B274}.Debug|x64.ActiveCfg = Debug|Any CPU
		{83D56542-F9B2-496F-8353-D7C6FB36B274}.Debug|x64.Build.0 = Debug|Any CPU
		{83D56542-F9B2-496F-8353-D7C6FB36B274}.Debug|x86.ActiveCfg = Debug|Any CPU
		{83D56542-F9B2-496F-8353-D7C6FB36B274}.Debug|x86.Build.0 = Debug|Any CPU
		{83D56542-F9B2-496F-8353-D7C6FB36B274}.Release|Any CPU.ActiveCfg = Release|Any CPU
		{83D56542-F9B2-496F-8353-D7C6FB36B274}.Release|Any CPU.Build.0 = Release|Any CPU
		{83D56542-F9B2-496F-8353-D7C6FB36B274}.Release|x64.ActiveCfg = Release|Any CPU
		{83D56542-F9B2-496F-8353-D7C6FB36B274}.Release|x64.Build.0 = Release|Any CPU
		{83D56542-F9B2-496F-8353-D7C6FB36B274}.Release|x86.ActiveCfg = Release|Any CPU
		{83D56542-F9B2-496F-8353-D7C6FB36B274}.Release|x86.Build.0 = Release|Any CPU
		{681D2F68-2876-4025-BF26-16C441518CCD}.Debug|Any CPU.ActiveCfg = Debug|Any CPU
		{681D2F68-2876-4025-BF26-16C441518CCD}.Debug|Any CPU.Build.0 = Debug|Any CPU
		{681D2F68-2876-4025-BF26-16C441518CCD}.Debug|x64.ActiveCfg = Debug|Any CPU
		{681D2F68-2876-4025-BF26-16C441518CCD}.Debug|x64.Build.0 = Debug|Any CPU
		{681D2F68-2876-4025-BF26-16C441518CCD}.Debug|x86.ActiveCfg = Debug|Any CPU
		{681D2F68-2876-4025-BF26-16C441518CCD}.Debug|x86.Build.0 = Debug|Any CPU
		{681D2F68-2876-4025-BF26-16C441518CCD}.Release|Any CPU.ActiveCfg = Release|Any CPU
		{681D2F68-2876-4025-BF26-16C441518CCD}.Release|Any CPU.Build.0 = Release|Any CPU
		{681D2F68-2876-4025-BF26-16C441518CCD}.Release|x64.ActiveCfg = Release|Any CPU
		{681D2F68-2876-4025-BF26-16C441518CCD}.Release|x64.Build.0 = Release|Any CPU
		{681D2F68-2876-4025-BF26-16C441518CCD}.Release|x86.ActiveCfg = Release|Any CPU
		{681D2F68-2876-4025-BF26-16C441518CCD}.Release|x86.Build.0 = Release|Any CPU
		{F45D81F7-CE61-4C1D-825F-ED744F700D52}.Debug|Any CPU.ActiveCfg = Debug|Any CPU
		{F45D81F7-CE61-4C1D-825F-ED744F700D52}.Debug|Any CPU.Build.0 = Debug|Any CPU
		{F45D81F7-CE61-4C1D-825F-ED744F700D52}.Debug|x64.ActiveCfg = Debug|Any CPU
		{F45D81F7-CE61-4C1D-825F-ED744F700D52}.Debug|x64.Build.0 = Debug|Any CPU
		{F45D81F7-CE61-4C1D-825F-ED744F700D52}.Debug|x86.ActiveCfg = Debug|Any CPU
		{F45D81F7-CE61-4C1D-825F-ED744F700D52}.Debug|x86.Build.0 = Debug|Any CPU
		{F45D81F7-CE61-4C1D-825F-ED744F700D52}.Release|Any CPU.ActiveCfg = Release|Any CPU
		{F45D81F7-CE61-4C1D-825F-ED744F700D52}.Release|Any CPU.Build.0 = Release|Any CPU
		{F45D81F7-CE61-4C1D-825F-ED744F700D52}.Release|x64.ActiveCfg = Release|Any CPU
		{F45D81F7-CE61-4C1D-825F-ED744F700D52}.Release|x64.Build.0 = Release|Any CPU
		{F45D81F7-CE61-4C1D-825F-ED744F700D52}.Release|x86.ActiveCfg = Release|Any CPU
		{F45D81F7-CE61-4C1D-825F-ED744F700D52}.Release|x86.Build.0 = Release|Any CPU
		{2B7149C6-17EE-4E01-A8F5-3E8422580624}.Debug|Any CPU.ActiveCfg = Debug|Any CPU
		{2B7149C6-17EE-4E01-A8F5-3E8422580624}.Debug|Any CPU.Build.0 = Debug|Any CPU
		{2B7149C6-17EE-4E01-A8F5-3E8422580624}.Debug|x64.ActiveCfg = Debug|Any CPU
		{2B7149C6-17EE-4E01-A8F5-3E8422580624}.Debug|x64.Build.0 = Debug|Any CPU
		{2B7149C6-17EE-4E01-A8F5-3E8422580624}.Debug|x86.ActiveCfg = Debug|Any CPU
		{2B7149C6-17EE-4E01-A8F5-3E8422580624}.Debug|x86.Build.0 = Debug|Any CPU
		{2B7149C6-17EE-4E01-A8F5-3E8422580624}.Release|Any CPU.ActiveCfg = Release|Any CPU
		{2B7149C6-17EE-4E01-A8F5-3E8422580624}.Release|Any CPU.Build.0 = Release|Any CPU
		{2B7149C6-17EE-4E01-A8F5-3E8422580624}.Release|x64.ActiveCfg = Release|Any CPU
		{2B7149C6-17EE-4E01-A8F5-3E8422580624}.Release|x64.Build.0 = Release|Any CPU
		{2B7149C6-17EE-4E01-A8F5-3E8422580624}.Release|x86.ActiveCfg = Release|Any CPU
		{2B7149C6-17EE-4E01-A8F5-3E8422580624}.Release|x86.Build.0 = Release|Any CPU
		{C3BB8852-0713-4BD3-ACE1-2AD34C2655AB}.Debug|Any CPU.ActiveCfg = Debug|Any CPU
		{C3BB8852-0713-4BD3-ACE1-2AD34C2655AB}.Debug|Any CPU.Build.0 = Debug|Any CPU
		{C3BB8852-0713-4BD3-ACE1-2AD34C2655AB}.Debug|x64.ActiveCfg = Debug|Any CPU
		{C3BB8852-0713-4BD3-ACE1-2AD34C2655AB}.Debug|x64.Build.0 = Debug|Any CPU
		{C3BB8852-0713-4BD3-ACE1-2AD34C2655AB}.Debug|x86.ActiveCfg = Debug|Any CPU
		{C3BB8852-0713-4BD3-ACE1-2AD34C2655AB}.Debug|x86.Build.0 = Debug|Any CPU
		{C3BB8852-0713-4BD3-ACE1-2AD34C2655AB}.Release|Any CPU.ActiveCfg = Release|Any CPU
		{C3BB8852-0713-4BD3-ACE1-2AD34C2655AB}.Release|Any CPU.Build.0 = Release|Any CPU
		{C3BB8852-0713-4BD3-ACE1-2AD34C2655AB}.Release|x64.ActiveCfg = Release|Any CPU
		{C3BB8852-0713-4BD3-ACE1-2AD34C2655AB}.Release|x64.Build.0 = Release|Any CPU
		{C3BB8852-0713-4BD3-ACE1-2AD34C2655AB}.Release|x86.ActiveCfg = Release|Any CPU
		{C3BB8852-0713-4BD3-ACE1-2AD34C2655AB}.Release|x86.Build.0 = Release|Any CPU
		{F978B8A8-98C5-479E-8D58-4C11E96F5FD5}.Debug|Any CPU.ActiveCfg = Debug|Any CPU
		{F978B8A8-98C5-479E-8D58-4C11E96F5FD5}.Debug|Any CPU.Build.0 = Debug|Any CPU
		{F978B8A8-98C5-479E-8D58-4C11E96F5FD5}.Debug|x64.ActiveCfg = Debug|Any CPU
		{F978B8A8-98C5-479E-8D58-4C11E96F5FD5}.Debug|x64.Build.0 = Debug|Any CPU
		{F978B8A8-98C5-479E-8D58-4C11E96F5FD5}.Debug|x86.ActiveCfg = Debug|Any CPU
		{F978B8A8-98C5-479E-8D58-4C11E96F5FD5}.Debug|x86.Build.0 = Debug|Any CPU
		{F978B8A8-98C5-479E-8D58-4C11E96F5FD5}.Release|Any CPU.ActiveCfg = Release|Any CPU
		{F978B8A8-98C5-479E-8D58-4C11E96F5FD5}.Release|Any CPU.Build.0 = Release|Any CPU
		{F978B8A8-98C5-479E-8D58-4C11E96F5FD5}.Release|x64.ActiveCfg = Release|Any CPU
		{F978B8A8-98C5-479E-8D58-4C11E96F5FD5}.Release|x64.Build.0 = Release|Any CPU
		{F978B8A8-98C5-479E-8D58-4C11E96F5FD5}.Release|x86.ActiveCfg = Release|Any CPU
		{F978B8A8-98C5-479E-8D58-4C11E96F5FD5}.Release|x86.Build.0 = Release|Any CPU
		{CCB7AAC0-4895-42CC-B97C-2C581813DC14}.Debug|Any CPU.ActiveCfg = Debug|Any CPU
		{CCB7AAC0-4895-42CC-B97C-2C581813DC14}.Debug|Any CPU.Build.0 = Debug|Any CPU
		{CCB7AAC0-4895-42CC-B97C-2C581813DC14}.Debug|x64.ActiveCfg = Debug|Any CPU
		{CCB7AAC0-4895-42CC-B97C-2C581813DC14}.Debug|x64.Build.0 = Debug|Any CPU
		{CCB7AAC0-4895-42CC-B97C-2C581813DC14}.Debug|x86.ActiveCfg = Debug|Any CPU
		{CCB7AAC0-4895-42CC-B97C-2C581813DC14}.Debug|x86.Build.0 = Debug|Any CPU
		{CCB7AAC0-4895-42CC-B97C-2C581813DC14}.Release|Any CPU.ActiveCfg = Release|Any CPU
		{CCB7AAC0-4895-42CC-B97C-2C581813DC14}.Release|Any CPU.Build.0 = Release|Any CPU
		{CCB7AAC0-4895-42CC-B97C-2C581813DC14}.Release|x64.ActiveCfg = Release|Any CPU
		{CCB7AAC0-4895-42CC-B97C-2C581813DC14}.Release|x64.Build.0 = Release|Any CPU
		{CCB7AAC0-4895-42CC-B97C-2C581813DC14}.Release|x86.ActiveCfg = Release|Any CPU
		{CCB7AAC0-4895-42CC-B97C-2C581813DC14}.Release|x86.Build.0 = Release|Any CPU
		{7D45A73F-7056-4601-AD3D-DD12B023D86D}.Debug|Any CPU.ActiveCfg = Debug|Any CPU
		{7D45A73F-7056-4601-AD3D-DD12B023D86D}.Debug|Any CPU.Build.0 = Debug|Any CPU
		{7D45A73F-7056-4601-AD3D-DD12B023D86D}.Debug|x64.ActiveCfg = Debug|Any CPU
		{7D45A73F-7056-4601-AD3D-DD12B023D86D}.Debug|x64.Build.0 = Debug|Any CPU
		{7D45A73F-7056-4601-AD3D-DD12B023D86D}.Debug|x86.ActiveCfg = Debug|Any CPU
		{7D45A73F-7056-4601-AD3D-DD12B023D86D}.Debug|x86.Build.0 = Debug|Any CPU
		{7D45A73F-7056-4601-AD3D-DD12B023D86D}.Release|Any CPU.ActiveCfg = Release|Any CPU
		{7D45A73F-7056-4601-AD3D-DD12B023D86D}.Release|Any CPU.Build.0 = Release|Any CPU
		{7D45A73F-7056-4601-AD3D-DD12B023D86D}.Release|x64.ActiveCfg = Release|Any CPU
		{7D45A73F-7056-4601-AD3D-DD12B023D86D}.Release|x64.Build.0 = Release|Any CPU
		{7D45A73F-7056-4601-AD3D-DD12B023D86D}.Release|x86.ActiveCfg = Release|Any CPU
		{7D45A73F-7056-4601-AD3D-DD12B023D86D}.Release|x86.Build.0 = Release|Any CPU
	EndGlobalSection
	GlobalSection(SolutionProperties) = preSolution
		HideSolutionNode = FALSE
	EndGlobalSection
EndGlobal
